{
  "name": "stanzserver",
  "version": "1.0.0",
  "lockfileVersion": 1,
  "requires": true,
  "dependencies": {
    "faye-websocket": {
      "version": "0.11.3",
      "resolved": "http://r.cnpmjs.org/faye-websocket/download/faye-websocket-0.11.3.tgz",
      "integrity": "sha1-XA6aiWjokSwoZjn96XeosgnyUI4=",
      "requires": {
        "websocket-driver": ">=0.5.1"
      }
    },
    "http-parser-js": {
      "version": "0.4.10",
      "resolved": "http://r.cnpmjs.org/http-parser-js/download/http-parser-js-0.4.10.tgz",
      "integrity": "sha1-ksnBN0w1CF912zWexWzCV8u5P6Q="
    },
    "safe-buffer": {
      "version": "5.2.0",
      "resolved": "http://r.cnpmjs.org/safe-buffer/download/safe-buffer-5.2.0.tgz",
      "integrity": "sha1-t02uxJsRSPiMZLaNSbHoFcHy9Rk="
    },
    "websocket-driver": {
      "version": "0.7.3",
      "resolved": "http://r.cnpmjs.org/websocket-driver/download/websocket-driver-0.7.3.tgz",
      "integrity": "sha1-otTg1PTxFvHmKX66WLBdQwEA6fk=",
      "requires": {
        "http-parser-js": ">=0.4.0 <0.4.11",
        "safe-buffer": ">=5.1.0",
        "websocket-extensions": ">=0.1.1"
      }
    },
    "websocket-extensions": {
      "version": "0.1.3",
      "resolved": "http://r.cnpmjs.org/websocket-extensions/download/websocket-extensions-0.1.3.tgz",
      "integrity": "sha1-XS/yKXcAPsaHpLhwc9+7rBRszyk="
    }
  }
}
